{
  "version": 4,
  "terraform_version": "1.6.4",
  "serial": 18,
  "lineage": "73e55590-9da3-9273-434e-0909452e52dd",
  "outputs": {},
  "resources": [
    {
      "mode": "data",
      "type": "google_firebase_web_app_config",
      "name": "example",
      "provider": "provider[\"registry.terraform.io/hashicorp/google-beta\"]",
      "instances": [
        {
          "schema_version": 0,
          "attributes": {
            "api_key": "AIzaSyB1TZczAaD_WqB9nSHNabTab8DgmaPED0Y",
            "auth_domain": "sample-firebase-ai-app-56843.firebaseapp.com",
            "database_url": "",
            "id": "1:29459325846:web:0a70911089c9f6cf6673b7",
            "location_id": "",
            "measurement_id": "",
            "messaging_sender_id": "29459325846",
            "project": "sample-firebase-ai-app-56843",
            "storage_bucket": "sample-firebase-ai-app-56843.appspot.com",
            "web_app_id": "1:29459325846:web:0a70911089c9f6cf6673b7"
          },
          "sensitive_attributes": []
        }
      ]
    },
    {
      "mode": "data",
      "type": "google_project",
      "name": "project",
      "provider": "provider[\"registry.terraform.io/hashicorp/google-beta\"]",
      "instances": [
        {
          "schema_version": 0,
          "attributes": {
            "auto_create_network": null,
            "billing_account": null,
            "deletion_policy": "DELETE",
            "effective_labels": {
              "firebase": "enabled"
            },
            "folder_id": null,
            "id": "projects/sample-firebase-ai-app-56843",
            "labels": {
              "firebase": "enabled"
            },
            "name": "Sample Firebase AI App",
            "number": "29459325846",
            "org_id": null,
            "project_id": "sample-firebase-ai-app-56843",
            "skip_delete": null,
            "terraform_labels": {
              "firebase": "enabled"
            }
          },
          "sensitive_attributes": []
        }
      ]
    },
    {
      "mode": "managed",
      "type": "google_apikeys_key",
      "name": "generativelanguage",
      "provider": "provider[\"registry.terraform.io/hashicorp/google-beta\"]",
      "instances": [
        {
          "schema_version": 0,
          "attributes": {
            "display_name": "Gemini API Key",
            "id": "projects/sample-firebase-ai-app-56843/locations/global/keys/gemini-api-key",
            "key_string": "AIzaSyD1GeSwh-CsQtuLqq4Djpoe8ME8C-iO91A",
            "name": "gemini-api-key",
            "project": "sample-firebase-ai-app-56843",
            "restrictions": [
              {
                "android_key_restrictions": [],
                "api_targets": [
                  {
                    "methods": [],
                    "service": "generativelanguage.googleapis.com"
                  }
                ],
                "browser_key_restrictions": [
                  {
                    "allowed_referrers": [
                      "*"
                    ]
                  }
                ],
                "ios_key_restrictions": [],
                "server_key_restrictions": []
              }
            ],
            "timeouts": null,
            "uid": "3ddff4f5-d6e4-486f-8ed2-16fbcef749eb"
          },
          "sensitive_attributes": [],
          "private": "eyJlMmJmYjczMC1lY2FhLTExZTYtOGY4OC0zNDM2M2JjN2M0YzAiOnsiY3JlYXRlIjoxMjAwMDAwMDAwMDAwLCJkZWxldGUiOjEyMDAwMDAwMDAwMDAsInVwZGF0ZSI6MTIwMDAwMDAwMDAwMH19",
          "dependencies": [
            "google_project_service.services"
          ]
        }
      ]
    },
    {
      "mode": "managed",
      "type": "google_firebase_web_app",
      "name": "example",
      "provider": "provider[\"registry.terraform.io/hashicorp/google-beta\"]",
      "instances": [
        {
          "schema_version": 0,
          "attributes": {
            "api_key_id": "b18c7e1c-628d-42c4-a361-4b2a9e6c7350",
            "app_id": "1:29459325846:web:0a70911089c9f6cf6673b7",
            "app_urls": [],
            "deletion_policy": "DELETE",
            "display_name": "Make It So AI!",
            "id": "projects/sample-firebase-ai-app-56843/webApps/1:29459325846:web:0a70911089c9f6cf6673b7",
            "name": "projects/sample-firebase-ai-app-56843/webApps/1:29459325846:web:0a70911089c9f6cf6673b7",
            "project": "sample-firebase-ai-app-56843",
            "timeouts": null
          },
          "sensitive_attributes": [],
          "private": "eyJlMmJmYjczMC1lY2FhLTExZTYtOGY4OC0zNDM2M2JjN2M0YzAiOnsiY3JlYXRlIjoxMjAwMDAwMDAwMDAwLCJkZWxldGUiOjEyMDAwMDAwMDAwMDAsInVwZGF0ZSI6MTIwMDAwMDAwMDAwMH19"
        }
      ]
    },
    {
      "mode": "managed",
      "type": "google_firebaserules_release",
      "name": "firestore",
      "provider": "provider[\"registry.terraform.io/hashicorp/google-beta\"]",
      "instances": [
        {
          "schema_version": 0,
          "attributes": {
            "create_time": "2024-10-25T13:43:36.508054Z",
            "disabled": false,
            "id": "projects/sample-firebase-ai-app-56843/releases/cloud.firestore",
            "name": "cloud.firestore",
            "project": "sample-firebase-ai-app-56843",
            "ruleset_name": "18baa5df-f27f-4153-bc12-21f303506c89",
            "timeouts": null,
            "update_time": "2024-10-25T13:43:36.508054Z"
          },
          "sensitive_attributes": [],
          "private": "eyJlMmJmYjczMC1lY2FhLTExZTYtOGY4OC0zNDM2M2JjN2M0YzAiOnsiY3JlYXRlIjoxMjAwMDAwMDAwMDAwLCJkZWxldGUiOjEyMDAwMDAwMDAwMDB9fQ==",
          "dependencies": [
            "google_firebaserules_ruleset.firestore",
            "google_firestore_database.database",
            "google_project_service.services",
            "local_file.firestore_rules"
          ]
        }
      ]
    },
    {
      "mode": "managed",
      "type": "google_firebaserules_ruleset",
      "name": "firestore",
      "provider": "provider[\"registry.terraform.io/hashicorp/google-beta\"]",
      "instances": [
        {
          "schema_version": 0,
          "attributes": {
            "create_time": "2024-10-25T13:43:35.658616Z",
            "id": "projects/sample-firebase-ai-app-56843/rulesets/18baa5df-f27f-4153-bc12-21f303506c89",
            "metadata": [
              {
                "services": [
                  "cloud.firestore"
                ]
              }
            ],
            "name": "18baa5df-f27f-4153-bc12-21f303506c89",
            "project": "sample-firebase-ai-app-56843",
            "source": [
              {
                "files": [
                  {
                    "content": "service cloud.firestore {\n  match /databases/{database}/documents/{document=**} {\n    allow read, write: if request.auth != null \u0026\u0026 request.time \u003c timestamp.date(2024, 11, 24);\n  }\n}\n",
                    "fingerprint": "",
                    "name": "firestore.rules"
                  }
                ],
                "language": ""
              }
            ],
            "timeouts": null
          },
          "sensitive_attributes": [],
          "private": "eyJlMmJmYjczMC1lY2FhLTExZTYtOGY4OC0zNDM2M2JjN2M0YzAiOnsiY3JlYXRlIjoxMjAwMDAwMDAwMDAwLCJkZWxldGUiOjEyMDAwMDAwMDAwMDB9fQ==",
          "dependencies": [
            "google_firestore_database.database",
            "google_project_service.services",
            "local_file.firestore_rules"
          ]
        }
      ]
    },
    {
      "mode": "managed",
      "type": "google_firestore_database",
      "name": "database",
      "provider": "provider[\"registry.terraform.io/hashicorp/google-beta\"]",
      "instances": [
        {
          "schema_version": 0,
          "attributes": {
            "app_engine_integration_mode": "DISABLED",
            "cmek_config": [],
            "concurrency_mode": "PESSIMISTIC",
            "create_time": "",
            "delete_protection_state": "DELETE_PROTECTION_DISABLED",
            "deletion_policy": "ABANDON",
            "earliest_version_time": "2024-10-25T16:50:22.622925Z",
            "etag": "ILGluYaMqokDMNaUoJTZqYkD",
            "id": "projects/sample-firebase-ai-app-56843/databases/(default)",
            "key_prefix": "",
            "location_id": "nam5",
            "name": "(default)",
            "point_in_time_recovery_enablement": "POINT_IN_TIME_RECOVERY_DISABLED",
            "project": "sample-firebase-ai-app-56843",
            "timeouts": null,
            "type": "FIRESTORE_NATIVE",
            "uid": "13dec439-4db5-4425-a861-3272434c452e",
            "update_time": "",
            "version_retention_period": "3600s"
          },
          "sensitive_attributes": [],
          "private": "eyJlMmJmYjczMC1lY2FhLTExZTYtOGY4OC0zNDM2M2JjN2M0YzAiOnsiY3JlYXRlIjoxMjAwMDAwMDAwMDAwLCJkZWxldGUiOjEyMDAwMDAwMDAwMDAsInVwZGF0ZSI6MTIwMDAwMDAwMDAwMH19",
          "dependencies": [
            "google_project_service.services"
          ]
        }
      ]
    },
    {
      "mode": "managed",
      "type": "google_project_service",
      "name": "services",
      "provider": "provider[\"registry.terraform.io/hashicorp/google-beta\"]",
      "instances": [
        {
          "index_key": "apikeys.googleapis.com",
          "schema_version": 0,
          "attributes": {
            "check_if_service_has_usage_on_destroy": false,
            "disable_dependent_services": null,
            "disable_on_destroy": false,
            "id": "sample-firebase-ai-app-56843/apikeys.googleapis.com",
            "project": "sample-firebase-ai-app-56843",
            "service": "apikeys.googleapis.com",
            "timeouts": null
          },
          "sensitive_attributes": [],
          "private": "eyJlMmJmYjczMC1lY2FhLTExZTYtOGY4OC0zNDM2M2JjN2M0YzAiOnsiY3JlYXRlIjoxMjAwMDAwMDAwMDAwLCJkZWxldGUiOjEyMDAwMDAwMDAwMDAsInJlYWQiOjYwMDAwMDAwMDAwMCwidXBkYXRlIjoxMjAwMDAwMDAwMDAwfX0="
        },
        {
          "index_key": "firebaserules.googleapis.com",
          "schema_version": 0,
          "attributes": {
            "check_if_service_has_usage_on_destroy": false,
            "disable_dependent_services": null,
            "disable_on_destroy": false,
            "id": "sample-firebase-ai-app-56843/firebaserules.googleapis.com",
            "project": "sample-firebase-ai-app-56843",
            "service": "firebaserules.googleapis.com",
            "timeouts": null
          },
          "sensitive_attributes": [],
          "private": "eyJlMmJmYjczMC1lY2FhLTExZTYtOGY4OC0zNDM2M2JjN2M0YzAiOnsiY3JlYXRlIjoxMjAwMDAwMDAwMDAwLCJkZWxldGUiOjEyMDAwMDAwMDAwMDAsInJlYWQiOjYwMDAwMDAwMDAwMCwidXBkYXRlIjoxMjAwMDAwMDAwMDAwfX0="
        },
        {
          "index_key": "firestore.googleapis.com",
          "schema_version": 0,
          "attributes": {
            "check_if_service_has_usage_on_destroy": false,
            "disable_dependent_services": null,
            "disable_on_destroy": false,
            "id": "sample-firebase-ai-app-56843/firestore.googleapis.com",
            "project": "sample-firebase-ai-app-56843",
            "service": "firestore.googleapis.com",
            "timeouts": null
          },
          "sensitive_attributes": [],
          "private": "eyJlMmJmYjczMC1lY2FhLTExZTYtOGY4OC0zNDM2M2JjN2M0YzAiOnsiY3JlYXRlIjoxMjAwMDAwMDAwMDAwLCJkZWxldGUiOjEyMDAwMDAwMDAwMDAsInJlYWQiOjYwMDAwMDAwMDAwMCwidXBkYXRlIjoxMjAwMDAwMDAwMDAwfX0="
        },
        {
          "index_key": "generativelanguage.googleapis.com",
          "schema_version": 0,
          "attributes": {
            "check_if_service_has_usage_on_destroy": false,
            "disable_dependent_services": null,
            "disable_on_destroy": false,
            "id": "sample-firebase-ai-app-56843/generativelanguage.googleapis.com",
            "project": "sample-firebase-ai-app-56843",
            "service": "generativelanguage.googleapis.com",
            "timeouts": null
          },
          "sensitive_attributes": [],
          "private": "eyJlMmJmYjczMC1lY2FhLTExZTYtOGY4OC0zNDM2M2JjN2M0YzAiOnsiY3JlYXRlIjoxMjAwMDAwMDAwMDAwLCJkZWxldGUiOjEyMDAwMDAwMDAwMDAsInJlYWQiOjYwMDAwMDAwMDAwMCwidXBkYXRlIjoxMjAwMDAwMDAwMDAwfX0="
        },
        {
          "index_key": "serviceusage.googleapis.com",
          "schema_version": 0,
          "attributes": {
            "check_if_service_has_usage_on_destroy": false,
            "disable_dependent_services": null,
            "disable_on_destroy": false,
            "id": "sample-firebase-ai-app-56843/serviceusage.googleapis.com",
            "project": "sample-firebase-ai-app-56843",
            "service": "serviceusage.googleapis.com",
            "timeouts": null
          },
          "sensitive_attributes": [],
          "private": "eyJlMmJmYjczMC1lY2FhLTExZTYtOGY4OC0zNDM2M2JjN2M0YzAiOnsiY3JlYXRlIjoxMjAwMDAwMDAwMDAwLCJkZWxldGUiOjEyMDAwMDAwMDAwMDAsInJlYWQiOjYwMDAwMDAwMDAwMCwidXBkYXRlIjoxMjAwMDAwMDAwMDAwfX0="
        }
      ]
    },
    {
      "mode": "managed",
      "type": "google_service_usage_consumer_quota_override",
      "name": "generativelanguage",
      "provider": "provider[\"registry.terraform.io/hashicorp/google-beta\"]",
      "instances": [
        {
          "schema_version": 0,
          "attributes": {
            "dimensions": {},
            "force": true,
            "id": "projects/sample-firebase-ai-app-56843/services/generativelanguage.googleapis.com/consumerQuotaMetrics/generativelanguage.googleapis.com%2Fgenerate_requests_per_model/limits/%2Fmin%2Fmodel%2Fproject/consumerOverrides/Cg1RdW90YU92ZXJyaWRl",
            "limit": "%2Fmin%2Fmodel%2Fproject",
            "metric": "generativelanguage.googleapis.com%2Fgenerate_requests_per_model",
            "name": "Cg1RdW90YU92ZXJyaWRl",
            "override_value": "10",
            "project": "sample-firebase-ai-app-56843",
            "service": "generativelanguage.googleapis.com",
            "timeouts": null
          },
          "sensitive_attributes": [],
          "private": "eyJlMmJmYjczMC1lY2FhLTExZTYtOGY4OC0zNDM2M2JjN2M0YzAiOnsiY3JlYXRlIjoxMjAwMDAwMDAwMDAwLCJkZWxldGUiOjEyMDAwMDAwMDAwMDAsInVwZGF0ZSI6MTIwMDAwMDAwMDAwMH19",
          "dependencies": [
            "google_project_service.services"
          ]
        }
      ]
    },
    {
      "mode": "managed",
      "type": "local_file",
      "name": "environment_ts",
      "provider": "provider[\"registry.terraform.io/hashicorp/local\"]",
      "instances": [
        {
          "schema_version": 0,
          "attributes": {
            "content": "export const environment = {\n  firebase: {\n      apiKey: 'AIzaSyB1TZczAaD_WqB9nSHNabTab8DgmaPED0Y',\n      authDomain: 'sample-firebase-ai-app-56843.firebaseapp.com',\n      databaseURL: '',\n      projectId: 'sample-firebase-ai-app-56843',\n      storageBucket: 'sample-firebase-ai-app-56843.appspot.com',\n      messagingSenderId: '29459325846',\n      appId: '1:29459325846:web:0a70911089c9f6cf6673b7',\n      measurementId: '',\n  },\n  gemini_api_key: 'AIzaSyD1GeSwh-CsQtuLqq4Djpoe8ME8C-iO91A',\n  debug_token: ''\n};",
            "content_base64": null,
            "content_base64sha256": "cfI4u+3bNnyNIrK70FXFes2wNir4oHZNcowgosa5T48=",
            "content_base64sha512": "mRnEUv1nzKOrqvXOEB9c1HUT2GbG0nMLsC0GHrxKt/1jPJsO4JnAWY2E0pzIdYKl/YbeXhLf/+yAdH0LjhBtDQ==",
            "content_md5": "f633011fa43ba598ccf2531d61c3fd4a",
            "content_sha1": "354f1b97f30c259ffc2589109b304132639beaab",
            "content_sha256": "71f238bbeddb367c8d22b2bbd055c57acdb0362af8a0764d728c20a2c6b94f8f",
            "content_sha512": "9919c452fd67cca3abaaf5ce101f5cd47513d866c6d2730bb02d061ebc4ab7fd633c9b0ee099c0598d84d29cc87582a5fd86de5e12dfffec80747d0b8e106d0d",
            "directory_permission": "0777",
            "file_permission": "0777",
            "filename": "./src/environments/environments.ts",
            "id": "354f1b97f30c259ffc2589109b304132639beaab",
            "sensitive_content": null,
            "source": null
          },
          "sensitive_attributes": [
            [
              {
                "type": "get_attr",
                "value": "content"
              }
            ]
          ],
          "dependencies": [
            "data.google_firebase_web_app_config.example",
            "data.google_project.project",
            "google_apikeys_key.generativelanguage",
            "google_firebase_web_app.example",
            "google_project_service.services"
          ]
        }
      ]
    },
    {
      "mode": "managed",
      "type": "local_file",
      "name": "firebaserc",
      "provider": "provider[\"registry.terraform.io/hashicorp/local\"]",
      "instances": [
        {
          "schema_version": 0,
          "attributes": {
            "content": "{\"projects\":{\"default\":\"sample-firebase-ai-app-56843\"}}",
            "content_base64": null,
            "content_base64sha256": "iLvhqkczDiGmQtOvt6L9hJ09cCe+lO3hwkW1qygz4y0=",
            "content_base64sha512": "+vfeuy2xbKTk8c+W98crKAHAXDaz5cJffZZJN2PbMbH1IaISDZIHsHDv7jUjo+ch2H6RRE6lBArNkVZZa6d6mw==",
            "content_md5": "0cfe4054a1446ddb21aafbdc4fc94710",
            "content_sha1": "1b8fda20f4827a8f18e98c7a4da3d0dd8747caae",
            "content_sha256": "88bbe1aa47330e21a642d3afb7a2fd849d3d7027be94ede1c245b5ab2833e32d",
            "content_sha512": "faf7debb2db16ca4e4f1cf96f7c72b2801c05c36b3e5c25f7d96493763db31b1f521a2120d9207b070efee3523a3e721d87e91444ea5040acd9156596ba77a9b",
            "directory_permission": "0777",
            "file_permission": "0777",
            "filename": "./.firebaserc",
            "id": "1b8fda20f4827a8f18e98c7a4da3d0dd8747caae",
            "sensitive_content": null,
            "source": null
          },
          "sensitive_attributes": []
        }
      ]
    },
    {
      "mode": "managed",
      "type": "local_file",
      "name": "firestore_rules",
      "provider": "provider[\"registry.terraform.io/hashicorp/local\"]",
      "instances": [
        {
          "schema_version": 0,
          "attributes": {
            "content": "service cloud.firestore {\n  match /databases/{database}/documents/{document=**} {\n    allow read, write: if request.auth != null \u0026\u0026 request.time \u003c timestamp.date(2024, 11, 24);\n  }\n}\n",
            "content_base64": null,
            "content_base64sha256": "wbKGuHYCUOIoBL3/TgFUaM0nq4ZniK038Cq7sQb+4AY=",
            "content_base64sha512": "kKRtwfjpa9YEV+4G1EuSlFq1+U+anT+CsctkxXcJY8SWV5yAqyXNoDroM/Vf1vNBwTYZFCLnlrABP72OFDgJmw==",
            "content_md5": "09b7f77115c6ed20e9361c5dd1200a0d",
            "content_sha1": "bd04975e6a27506342e6f1b02118d14e73e76ee7",
            "content_sha256": "c1b286b8760250e22804bdff4e015468cd27ab866788ad37f02abbb106fee006",
            "content_sha512": "90a46dc1f8e96bd60457ee06d44b92945ab5f94f9a9d3f82b1cb64c5770963c496579c80ab25cda03ae833f55fd6f341c136191422e796b0013fbd8e1438099b",
            "directory_permission": "0777",
            "file_permission": "0777",
            "filename": "./firestore.rules",
            "id": "bd04975e6a27506342e6f1b02118d14e73e76ee7",
            "sensitive_content": null,
            "source": null
          },
          "sensitive_attributes": []
        }
      ]
    }
  ],
  "check_results": null
}
